
Microsoft Visual Studio Solution File, Format Version 12.00
# Visual Studio Version 16
VisualStudioVersion = 16.0.32002.261
MinimumVisualStudioVersion = 10.0.40219.1
Project("{FAE04EC0-301F-11D3-BF4B-00C04F79EFBC}") = "Monitoring Infortuni", "Monitoring Infortuni\Monitoring Infortuni.csproj", "{5257298E-E9B3-4132-B162-A6530A177505}"
EndProject
Global
	GlobalSection(SolutionConfigurationPlatforms) = preSolution
		Debug|Any CPU = Debug|Any CPU
		Release|Any CPU = Release|Any CPU
	EndGlobalSection
	GlobalSection(ProjectConfigurationPlatforms) = postSolution
		{5257298E-E9B3-4132-B162-A6530A177505}.Debug|Any CPU.ActiveCfg = Debug|Any CPU
		{5257298E-E9B3-4132-B162-A6530A177505}.Debug|Any CPU.Build.0 = Debug|Any CPU
		{5257298E-E9B3-4132-B162-A6530A177505}.Release|Any CPU.ActiveCfg = Release|Any CPU
		{5257298E-E9B3-4132-B162-A6530A177505}.Release|Any CPU.Build.0 = Release|Any CPU
	EndGlobalSection
	GlobalSection(SolutionProperties) = preSolution
		HideSolutionNode = FALSE
	EndGlobalSection
	GlobalSection(ExtensibilityGlobals) = postSolution
		SolutionGuid = {9A7D5A11-2B83-4555-AE10-17F4F78DEC57}
	EndGlobalSection
EndGlobal
